
Microsoft Visual Studio Solution File, Format Version 12.00
# Visual Studio Version 16
VisualStudioVersion = 16.0.30804.86
MinimumVisualStudioVersion = 10.0.40219.1
Project("{FAE04EC0-301F-11D3-BF4B-00C04F79EFBC}") = "ModerationSystem", "Warn\ModerationSystem.csproj", "{EB2E694F-5997-43B4-85A1-2F7662D6D4CA}"
EndProject
Global
	GlobalSection(SolutionConfigurationPlatforms) = preSolution
		Debug|Any CPU = Debug|Any CPU
		Release|Any CPU = Release|Any CPU
	EndGlobalSection
	GlobalSection(ProjectConfigurationPlatforms) = postSolution
		{EB2E694F-5997-43B4-85A1-2F7662D6D4CA}.Debug|Any CPU.ActiveCfg = Debug|Any CPU
		{EB2E694F-5997-43B4-85A1-2F7662D6D4CA}.Debug|Any CPU.Build.0 = Debug|Any CPU
		{EB2E694F-5997-43B4-85A1-2F7662D6D4CA}.Release|Any CPU.ActiveCfg = Release|Any CPU
		{EB2E694F-5997-43B4-85A1-2F7662D6D4CA}.Release|Any CPU.Build.0 = Release|Any CPU
	EndGlobalSection
	GlobalSection(SolutionProperties) = preSolution
		HideSolutionNode = FALSE
	EndGlobalSection
	GlobalSection(ExtensibilityGlobals) = postSolution
		SolutionGuid = {821E5367-FC71-47DD-8833-206EBD4DA575}
	EndGlobalSection
EndGlobal
